
Microsoft Visual Studio Solution File, Format Version 12.00
# Visual Studio Version 17
VisualStudioVersion = 17.6.33829.357
MinimumVisualStudioVersion = 10.0.40219.1
Project("{FAE04EC0-301F-11D3-BF4B-00C04F79EFBC}") = "ChallengeApp2", "ChallengeApp2\ChallengeApp2.csproj", "{699ECC23-B0A2-4C12-9735-1D2DFC0D5531}"
EndProject
Global
	GlobalSection(SolutionConfigurationPlatforms) = preSolution
		Debug|Any CPU = Debug|Any CPU
		Release|Any CPU = Release|Any CPU
	EndGlobalSection
	GlobalSection(ProjectConfigurationPlatforms) = postSolution
		{699ECC23-B0A2-4C12-9735-1D2DFC0D5531}.Debug|Any CPU.ActiveCfg = Debug|Any CPU
		{699ECC23-B0A2-4C12-9735-1D2DFC0D5531}.Debug|Any CPU.Build.0 = Debug|Any CPU
		{699ECC23-B0A2-4C12-9735-1D2DFC0D5531}.Release|Any CPU.ActiveCfg = Release|Any CPU
		{699ECC23-B0A2-4C12-9735-1D2DFC0D5531}.Release|Any CPU.Build.0 = Release|Any CPU
	EndGlobalSection
	GlobalSection(SolutionProperties) = preSolution
		HideSolutionNode = FALSE
	EndGlobalSection
	GlobalSection(ExtensibilityGlobals) = postSolution
		SolutionGuid = {7CF29450-8DD3-46A1-BFA9-4C5DC770E5FB}
	EndGlobalSection
EndGlobal
